
Microsoft Visual Studio Solution File, Format Version 11.00
# Visual Studio 2010
Project("{FAE04EC0-301F-11D3-BF4B-00C04F79EFBC}") = "Assembly-CSharp", "Assembly-CSharp.csproj", "{c494f1b7-cb01-2dcb-d639-7bb1170b325b}"
EndProject
Project("{FAE04EC0-301F-11D3-BF4B-00C04F79EFBC}") = "Assembly-CSharp-Editor", "Assembly-CSharp-Editor.csproj", "{e5761ecf-2cc6-a3df-22ed-bae28898c33c}"
EndProject
Global
	GlobalSection(SolutionConfigurationPlatforms) = preSolution
		Debug|Any CPU = Debug|Any CPU
	EndGlobalSection
	GlobalSection(ProjectConfigurationPlatforms) = postSolution
		{c494f1b7-cb01-2dcb-d639-7bb1170b325b}.Debug|Any CPU.ActiveCfg = Debug|Any CPU
		{c494f1b7-cb01-2dcb-d639-7bb1170b325b}.Debug|Any CPU.Build.0 = Debug|Any CPU
		{e5761ecf-2cc6-a3df-22ed-bae28898c33c}.Debug|Any CPU.ActiveCfg = Debug|Any CPU
		{e5761ecf-2cc6-a3df-22ed-bae28898c33c}.Debug|Any CPU.Build.0 = Debug|Any CPU
	EndGlobalSection
	GlobalSection(SolutionProperties) = preSolution
		HideSolutionNode = FALSE
	EndGlobalSection
EndGlobal
